
Microsoft Visual Studio Solution File, Format Version 12.00
# Visual Studio Version 17
VisualStudioVersion = 17.9.34616.47
MinimumVisualStudioVersion = 10.0.40219.1
Project("{2150E333-8FDC-42A3-9474-1A3956D46DE8}") = "PriorityAutoSurvey", "PriorityAutoSurvey", "{2923B32C-CD49-41A4-8E8C-94DB808431A4}"
	ProjectSection(SolutionItems) = preProject
		PriorityAutoSurvey\manifest.json = PriorityAutoSurvey\manifest.json
	EndProjectSection
EndProject
Project("{2150E333-8FDC-42A3-9474-1A3956D46DE8}") = "src", "src", "{F668175F-0D2B-4066-821F-782EAAF69BE3}"
	ProjectSection(SolutionItems) = preProject
		PriorityAutoSurvey\src\characterStore.mjs = PriorityAutoSurvey\src\characterStore.mjs
		PriorityAutoSurvey\src\priorityGetNextAutoSurveyHex.mjs = PriorityAutoSurvey\src\priorityGetNextAutoSurveyHex.mjs
		PriorityAutoSurvey\src\settings.mjs = PriorityAutoSurvey\src\settings.mjs
		PriorityAutoSurvey\src\setup.mjs = PriorityAutoSurvey\src\setup.mjs
	EndProjectSection
EndProject
Project("{2150E333-8FDC-42A3-9474-1A3956D46DE8}") = "TownshipAutoTrader", "TownshipAutoTrader", "{0A64BEDB-24B9-4AF8-90A1-AC45639B7B18}"
	ProjectSection(SolutionItems) = preProject
		TownshipAutoTrader\manifest.json = TownshipAutoTrader\manifest.json
	EndProjectSection
EndProject
Project("{2150E333-8FDC-42A3-9474-1A3956D46DE8}") = "src", "src", "{3F2E2947-2A55-4BDC-801A-794212CD142D}"
	ProjectSection(SolutionItems) = preProject
		TownshipAutoTrader\src\automaticTrader.mjs = TownshipAutoTrader\src\automaticTrader.mjs
		TownshipAutoTrader\src\config.mjs = TownshipAutoTrader\src\config.mjs
		TownshipAutoTrader\src\settings.mjs = TownshipAutoTrader\src\settings.mjs
		TownshipAutoTrader\src\setTradesUI.mjs = TownshipAutoTrader\src\setTradesUI.mjs
		TownshipAutoTrader\src\setup.mjs = TownshipAutoTrader\src\setup.mjs
	EndProjectSection
EndProject
Project("{2150E333-8FDC-42A3-9474-1A3956D46DE8}") = "DebugCheats", "DebugCheats", "{2EC0D6DC-55D7-4B7C-8964-0DC69758DF71}"
	ProjectSection(SolutionItems) = preProject
		DebugCheats\manifest.json = DebugCheats\manifest.json
	EndProjectSection
EndProject
Project("{2150E333-8FDC-42A3-9474-1A3956D46DE8}") = "src", "src", "{B1538070-B5ED-4D23-9419-5FC1ACE4C551}"
	ProjectSection(SolutionItems) = preProject
		DebugCheats\src\cartography.mjs = DebugCheats\src\cartography.mjs
		DebugCheats\src\cartographySettings.mjs = DebugCheats\src\cartographySettings.mjs
		DebugCheats\src\gold.mjs = DebugCheats\src\gold.mjs
		DebugCheats\src\goldSettings.mjs = DebugCheats\src\goldSettings.mjs
		DebugCheats\src\setup.mjs = DebugCheats\src\setup.mjs
		DebugCheats\src\township.mjs = DebugCheats\src\township.mjs
	EndProjectSection
EndProject
Project("{2150E333-8FDC-42A3-9474-1A3956D46DE8}") = "RuneCostsCanBeZero", "RuneCostsCanBeZero", "{FFDE3A78-292E-4B90-B20A-41AE1B2362D2}"
	ProjectSection(SolutionItems) = preProject
		RuneCostsCanBeZero\manifest.json = RuneCostsCanBeZero\manifest.json
	EndProjectSection
EndProject
Project("{2150E333-8FDC-42A3-9474-1A3956D46DE8}") = "src", "src", "{827265F2-DD73-461E-822E-59A0F56B4577}"
	ProjectSection(SolutionItems) = preProject
		RuneCostsCanBeZero\src\settings.mjs = RuneCostsCanBeZero\src\settings.mjs
		RuneCostsCanBeZero\src\setup.mjs = RuneCostsCanBeZero\src\setup.mjs
	EndProjectSection
EndProject
Project("{2150E333-8FDC-42A3-9474-1A3956D46DE8}") = "ResetTemporaryCartographyBoosts", "ResetTemporaryCartographyBoosts", "{A14CB2AA-9575-4BC1-89FB-0CB436BBB13D}"
	ProjectSection(SolutionItems) = preProject
		ResetTemporaryCartographyBoosts\manifest.json = ResetTemporaryCartographyBoosts\manifest.json
	EndProjectSection
EndProject
Project("{2150E333-8FDC-42A3-9474-1A3956D46DE8}") = "src", "src", "{43D757DA-D992-4953-AFE2-9B08DC895368}"
	ProjectSection(SolutionItems) = preProject
		ResetTemporaryCartographyBoosts\src\setup.mjs = ResetTemporaryCartographyBoosts\src\setup.mjs
	EndProjectSection
EndProject
Project("{2150E333-8FDC-42A3-9474-1A3956D46DE8}") = "RemoveConsumption", "RemoveConsumption", "{0061ED92-A949-48F3-91C9-9ECDFCBCC057}"
	ProjectSection(SolutionItems) = preProject
		RemoveConsumption\manifest.json = RemoveConsumption\manifest.json
	EndProjectSection
EndProject
Project("{2150E333-8FDC-42A3-9474-1A3956D46DE8}") = "src", "src", "{38377148-9D63-4983-ADDF-2DB2B2DB77ED}"
	ProjectSection(SolutionItems) = preProject
		RemoveConsumption\src\settings.mjs = RemoveConsumption\src\settings.mjs
		RemoveConsumption\src\setup.mjs = RemoveConsumption\src\setup.mjs
	EndProjectSection
EndProject
Global
	GlobalSection(SolutionProperties) = preSolution
		HideSolutionNode = FALSE
	EndGlobalSection
	GlobalSection(NestedProjects) = preSolution
		{F668175F-0D2B-4066-821F-782EAAF69BE3} = {2923B32C-CD49-41A4-8E8C-94DB808431A4}
		{3F2E2947-2A55-4BDC-801A-794212CD142D} = {0A64BEDB-24B9-4AF8-90A1-AC45639B7B18}
		{B1538070-B5ED-4D23-9419-5FC1ACE4C551} = {2EC0D6DC-55D7-4B7C-8964-0DC69758DF71}
		{827265F2-DD73-461E-822E-59A0F56B4577} = {FFDE3A78-292E-4B90-B20A-41AE1B2362D2}
		{43D757DA-D992-4953-AFE2-9B08DC895368} = {A14CB2AA-9575-4BC1-89FB-0CB436BBB13D}
		{38377148-9D63-4983-ADDF-2DB2B2DB77ED} = {0061ED92-A949-48F3-91C9-9ECDFCBCC057}
	EndGlobalSection
	GlobalSection(ExtensibilityGlobals) = postSolution
		SolutionGuid = {A68F0369-0E8B-4ED3-BE12-16F9EBC090A9}
	EndGlobalSection
EndGlobal
